
Microsoft Visual Studio Solution File, Format Version 12.00
# Visual Studio 15
VisualStudioVersion = 15.0.28307.168
MinimumVisualStudioVersion = 10.0.40219.1
Project("{FAE04EC0-301F-11D3-BF4B-00C04F79EFBC}") = "SalesWebMvc", "SalesWebMvc\SalesWebMvc.csproj", "{6338E723-5ECF-4FAB-B433-711CF401548E}"
EndProject
Global
	GlobalSection(SolutionConfigurationPlatforms) = preSolution
		Debug|Any CPU = Debug|Any CPU
		Release|Any CPU = Release|Any CPU
	EndGlobalSection
	GlobalSection(ProjectConfigurationPlatforms) = postSolution
		{6338E723-5ECF-4FAB-B433-711CF401548E}.Debug|Any CPU.ActiveCfg = Debug|Any CPU
		{6338E723-5ECF-4FAB-B433-711CF401548E}.Debug|Any CPU.Build.0 = Debug|Any CPU
		{6338E723-5ECF-4FAB-B433-711CF401548E}.Release|Any CPU.ActiveCfg = Release|Any CPU
		{6338E723-5ECF-4FAB-B433-711CF401548E}.Release|Any CPU.Build.0 = Release|Any CPU
	EndGlobalSection
	GlobalSection(SolutionProperties) = preSolution
		HideSolutionNode = FALSE
	EndGlobalSection
	GlobalSection(ExtensibilityGlobals) = postSolution
		SolutionGuid = {8D6CC46C-B89F-4E67-B668-354FD8E232FA}
	EndGlobalSection
EndGlobal
